
Microsoft Visual Studio Solution File, Format Version 12.00
# Visual Studio Version 17
VisualStudioVersion = 17.0.31903.59
MinimumVisualStudioVersion = 10.0.40219.1
Project("{FAE04EC0-301F-11D3-BF4B-00C04F79EFBC}") = "practice2_constructor", "practice2_constructor\practice2_constructor.csproj", "{88382C99-EAB6-40FA-9679-B974CA0CF5A9}"
EndProject
Global
	GlobalSection(SolutionConfigurationPlatforms) = preSolution
		Debug|Any CPU = Debug|Any CPU
		Release|Any CPU = Release|Any CPU
	EndGlobalSection
	GlobalSection(SolutionProperties) = preSolution
		HideSolutionNode = FALSE
	EndGlobalSection
	GlobalSection(ProjectConfigurationPlatforms) = postSolution
		{88382C99-EAB6-40FA-9679-B974CA0CF5A9}.Debug|Any CPU.ActiveCfg = Debug|Any CPU
		{88382C99-EAB6-40FA-9679-B974CA0CF5A9}.Debug|Any CPU.Build.0 = Debug|Any CPU
		{88382C99-EAB6-40FA-9679-B974CA0CF5A9}.Release|Any CPU.ActiveCfg = Release|Any CPU
		{88382C99-EAB6-40FA-9679-B974CA0CF5A9}.Release|Any CPU.Build.0 = Release|Any CPU
	EndGlobalSection
EndGlobal
