Microsoft Visual Studio Solution File, Format Version 12.00
# Visual Studio Version 17
VisualStudioVersion = 17.5.2.0
MinimumVisualStudioVersion = 10.0.40219.1
Project("{FAE04EC0-301F-11D3-BF4B-00C04F79EFBC}") = "Pratik1_Linq", "Pratik1_Linq.csproj", "{65010B66-3730-98BD-D8D8-924692E1BBCE}"
EndProject
Global
	GlobalSection(SolutionConfigurationPlatforms) = preSolution
		Debug|Any CPU = Debug|Any CPU
		Release|Any CPU = Release|Any CPU
	EndGlobalSection
	GlobalSection(ProjectConfigurationPlatforms) = postSolution
		{65010B66-3730-98BD-D8D8-924692E1BBCE}.Debug|Any CPU.ActiveCfg = Debug|Any CPU
		{65010B66-3730-98BD-D8D8-924692E1BBCE}.Debug|Any CPU.Build.0 = Debug|Any CPU
		{65010B66-3730-98BD-D8D8-924692E1BBCE}.Release|Any CPU.ActiveCfg = Release|Any CPU
		{65010B66-3730-98BD-D8D8-924692E1BBCE}.Release|Any CPU.Build.0 = Release|Any CPU
	EndGlobalSection
	GlobalSection(SolutionProperties) = preSolution
		HideSolutionNode = FALSE
	EndGlobalSection
	GlobalSection(ExtensibilityGlobals) = postSolution
		SolutionGuid = {688EDB9C-1FBA-464B-9311-72F9CE40C522}
	EndGlobalSection
EndGlobal
